
Microsoft Visual Studio Solution File, Format Version 12.00
# Visual Studio Version 16
VisualStudioVersion = 16.0.30804.86
MinimumVisualStudioVersion = 10.0.40219.1
Project("{FAE04EC0-301F-11D3-BF4B-00C04F79EFBC}") = "TeachingAssigment", "TeachingAssigment\TeachingAssigment.csproj", "{434B6320-E312-4E0B-90CB-B472A900DF11}"
EndProject
Global
	GlobalSection(SolutionConfigurationPlatforms) = preSolution
		Debug|Any CPU = Debug|Any CPU
		Release|Any CPU = Release|Any CPU
	EndGlobalSection
	GlobalSection(ProjectConfigurationPlatforms) = postSolution
		{434B6320-E312-4E0B-90CB-B472A900DF11}.Debug|Any CPU.ActiveCfg = Debug|Any CPU
		{434B6320-E312-4E0B-90CB-B472A900DF11}.Debug|Any CPU.Build.0 = Debug|Any CPU
		{434B6320-E312-4E0B-90CB-B472A900DF11}.Release|Any CPU.ActiveCfg = Release|Any CPU
		{434B6320-E312-4E0B-90CB-B472A900DF11}.Release|Any CPU.Build.0 = Release|Any CPU
	EndGlobalSection
	GlobalSection(SolutionProperties) = preSolution
		HideSolutionNode = FALSE
	EndGlobalSection
	GlobalSection(ExtensibilityGlobals) = postSolution
		SolutionGuid = {094D1213-DFE4-47FC-9806-0CFDA54AC2C8}
	EndGlobalSection
EndGlobal
